
Microsoft Visual Studio Solution File, Format Version 12.00
# Visual Studio 2012
Project("{FAE04EC0-301F-11D3-BF4B-00C04F79EFBC}") = "prjStuff", "prjStuff\prjStuff.csproj", "{7B36F424-ECB7-4C18-84BD-17309347F527}"
EndProject
Global
	GlobalSection(SolutionConfigurationPlatforms) = preSolution
		Debug|Any CPU = Debug|Any CPU
		Release|Any CPU = Release|Any CPU
	EndGlobalSection
	GlobalSection(ProjectConfigurationPlatforms) = postSolution
		{7B36F424-ECB7-4C18-84BD-17309347F527}.Debug|Any CPU.ActiveCfg = Debug|Any CPU
		{7B36F424-ECB7-4C18-84BD-17309347F527}.Debug|Any CPU.Build.0 = Debug|Any CPU
		{7B36F424-ECB7-4C18-84BD-17309347F527}.Release|Any CPU.ActiveCfg = Release|Any CPU
		{7B36F424-ECB7-4C18-84BD-17309347F527}.Release|Any CPU.Build.0 = Release|Any CPU
	EndGlobalSection
	GlobalSection(SolutionProperties) = preSolution
		HideSolutionNode = FALSE
	EndGlobalSection
EndGlobal
