
Microsoft Visual Studio Solution File, Format Version 12.00
# Visual Studio 2012
Project("{FAE04EC0-301F-11D3-BF4B-00C04F79EFBC}") = "prjPropertiesAndEvents", "prjPropertiesAndEvents\prjPropertiesAndEvents.csproj", "{23008DB8-7975-44A1-A9CF-E56AB1720632}"
EndProject
Global
	GlobalSection(SolutionConfigurationPlatforms) = preSolution
		Debug|Any CPU = Debug|Any CPU
		Release|Any CPU = Release|Any CPU
	EndGlobalSection
	GlobalSection(ProjectConfigurationPlatforms) = postSolution
		{23008DB8-7975-44A1-A9CF-E56AB1720632}.Debug|Any CPU.ActiveCfg = Debug|Any CPU
		{23008DB8-7975-44A1-A9CF-E56AB1720632}.Debug|Any CPU.Build.0 = Debug|Any CPU
		{23008DB8-7975-44A1-A9CF-E56AB1720632}.Release|Any CPU.ActiveCfg = Release|Any CPU
		{23008DB8-7975-44A1-A9CF-E56AB1720632}.Release|Any CPU.Build.0 = Release|Any CPU
	EndGlobalSection
	GlobalSection(SolutionProperties) = preSolution
		HideSolutionNode = FALSE
	EndGlobalSection
EndGlobal
