
Microsoft Visual Studio Solution File, Format Version 12.00
# Visual Studio 2012
Project("{FAE04EC0-301F-11D3-BF4B-00C04F79EFBC}") = "prjVariables2", "prjVariables2\prjVariables2.csproj", "{A307DCE9-5B74-43E7-9BB0-81BE554D39B8}"
EndProject
Global
	GlobalSection(SolutionConfigurationPlatforms) = preSolution
		Debug|Any CPU = Debug|Any CPU
		Release|Any CPU = Release|Any CPU
	EndGlobalSection
	GlobalSection(ProjectConfigurationPlatforms) = postSolution
		{A307DCE9-5B74-43E7-9BB0-81BE554D39B8}.Debug|Any CPU.ActiveCfg = Debug|Any CPU
		{A307DCE9-5B74-43E7-9BB0-81BE554D39B8}.Debug|Any CPU.Build.0 = Debug|Any CPU
		{A307DCE9-5B74-43E7-9BB0-81BE554D39B8}.Release|Any CPU.ActiveCfg = Release|Any CPU
		{A307DCE9-5B74-43E7-9BB0-81BE554D39B8}.Release|Any CPU.Build.0 = Release|Any CPU
	EndGlobalSection
	GlobalSection(SolutionProperties) = preSolution
		HideSolutionNode = FALSE
	EndGlobalSection
EndGlobal
