
Microsoft Visual Studio Solution File, Format Version 12.00
# Visual Studio Express 2012 for Windows Desktop
Project("{FAE04EC0-301F-11D3-BF4B-00C04F79EFBC}") = "prjArrayTest", "prjArrayTest\prjArrayTest.csproj", "{53402138-63AA-4510-A64C-BB0E964168CF}"
EndProject
Global
	GlobalSection(SolutionConfigurationPlatforms) = preSolution
		Debug|Any CPU = Debug|Any CPU
		Release|Any CPU = Release|Any CPU
	EndGlobalSection
	GlobalSection(ProjectConfigurationPlatforms) = postSolution
		{53402138-63AA-4510-A64C-BB0E964168CF}.Debug|Any CPU.ActiveCfg = Debug|Any CPU
		{53402138-63AA-4510-A64C-BB0E964168CF}.Debug|Any CPU.Build.0 = Debug|Any CPU
		{53402138-63AA-4510-A64C-BB0E964168CF}.Release|Any CPU.ActiveCfg = Release|Any CPU
		{53402138-63AA-4510-A64C-BB0E964168CF}.Release|Any CPU.Build.0 = Release|Any CPU
	EndGlobalSection
	GlobalSection(SolutionProperties) = preSolution
		HideSolutionNode = FALSE
	EndGlobalSection
EndGlobal
