
Microsoft Visual Studio Solution File, Format Version 12.00
# Visual Studio 2012
Project("{FAE04EC0-301F-11D3-BF4B-00C04F79EFBC}") = "Logic Stuff", "Logic Stuff\Logic Stuff.csproj", "{7C95A5DA-208F-4F64-BEE8-EDF06C5F009F}"
EndProject
Global
	GlobalSection(SolutionConfigurationPlatforms) = preSolution
		Debug|Any CPU = Debug|Any CPU
		Release|Any CPU = Release|Any CPU
	EndGlobalSection
	GlobalSection(ProjectConfigurationPlatforms) = postSolution
		{7C95A5DA-208F-4F64-BEE8-EDF06C5F009F}.Debug|Any CPU.ActiveCfg = Debug|Any CPU
		{7C95A5DA-208F-4F64-BEE8-EDF06C5F009F}.Debug|Any CPU.Build.0 = Debug|Any CPU
		{7C95A5DA-208F-4F64-BEE8-EDF06C5F009F}.Release|Any CPU.ActiveCfg = Release|Any CPU
		{7C95A5DA-208F-4F64-BEE8-EDF06C5F009F}.Release|Any CPU.Build.0 = Release|Any CPU
	EndGlobalSection
	GlobalSection(SolutionProperties) = preSolution
		HideSolutionNode = FALSE
	EndGlobalSection
EndGlobal
