
Microsoft Visual Studio Solution File, Format Version 12.00
# Visual Studio Express 2012 for Windows Desktop
Project("{FAE04EC0-301F-11D3-BF4B-00C04F79EFBC}") = "prjTheBeginning", "prjTheBeginning\prjTheBeginning.csproj", "{CD7EEBD8-2A9E-442D-8F5A-E454D5A937E3}"
EndProject
Global
	GlobalSection(SolutionConfigurationPlatforms) = preSolution
		Debug|Any CPU = Debug|Any CPU
		Release|Any CPU = Release|Any CPU
	EndGlobalSection
	GlobalSection(ProjectConfigurationPlatforms) = postSolution
		{CD7EEBD8-2A9E-442D-8F5A-E454D5A937E3}.Debug|Any CPU.ActiveCfg = Debug|Any CPU
		{CD7EEBD8-2A9E-442D-8F5A-E454D5A937E3}.Debug|Any CPU.Build.0 = Debug|Any CPU
		{CD7EEBD8-2A9E-442D-8F5A-E454D5A937E3}.Release|Any CPU.ActiveCfg = Release|Any CPU
		{CD7EEBD8-2A9E-442D-8F5A-E454D5A937E3}.Release|Any CPU.Build.0 = Release|Any CPU
	EndGlobalSection
	GlobalSection(SolutionProperties) = preSolution
		HideSolutionNode = FALSE
	EndGlobalSection
EndGlobal
